
Microsoft Visual Studio Solution File, Format Version 12.00
# Visual Studio Version 17
VisualStudioVersion = 17.3.32825.248
MinimumVisualStudioVersion = 10.0.40219.1
Project("{FAE04EC0-301F-11D3-BF4B-00C04F79EFBC}") = "websitebanhang", "websitebanhang\websitebanhang.csproj", "{47A03750-9745-4348-867E-C2311B80F44D}"
EndProject
Global
	GlobalSection(SolutionConfigurationPlatforms) = preSolution
		Debug|Any CPU = Debug|Any CPU
		Release|Any CPU = Release|Any CPU
	EndGlobalSection
	GlobalSection(ProjectConfigurationPlatforms) = postSolution
		{47A03750-9745-4348-867E-C2311B80F44D}.Debug|Any CPU.ActiveCfg = Debug|Any CPU
		{47A03750-9745-4348-867E-C2311B80F44D}.Debug|Any CPU.Build.0 = Debug|Any CPU
		{47A03750-9745-4348-867E-C2311B80F44D}.Release|Any CPU.ActiveCfg = Release|Any CPU
		{47A03750-9745-4348-867E-C2311B80F44D}.Release|Any CPU.Build.0 = Release|Any CPU
	EndGlobalSection
	GlobalSection(SolutionProperties) = preSolution
		HideSolutionNode = FALSE
	EndGlobalSection
	GlobalSection(ExtensibilityGlobals) = postSolution
		SolutionGuid = {057C996E-8FA7-4875-A778-03F8FF3F5A21}
	EndGlobalSection
EndGlobal
